// !$*UTF8*$!
{
	archiveVersion = 1;
	classes = {
	};
	objectVersion = 55;
	objects = {

/* Begin PBXBuildFile section */
		6DF2CD48286D18A500A3EE25 /* AppDelegate.swift in Sources */ = {isa = PBXBuildFile; fileRef = 6DF2CD47286D18A500A3EE25 /* AppDelegate.swift */; };
		6DF2CD4A286D18A500A3EE25 /* SceneDelegate.swift in Sources */ = {isa = PBXBuildFile; fileRef = 6DF2CD49286D18A500A3EE25 /* SceneDelegate.swift */; };
		6DF2CD4F286D18A500A3EE25 /* Main.storyboard in Resources */ = {isa = PBXBuildFile; fileRef = 6DF2CD4D286D18A500A3EE25 /* Main.storyboard */; };
		6DF2CD51286D18A700A3EE25 /* Assets.xcassets in Resources */ = {isa = PBXBuildFile; fileRef = 6DF2CD50286D18A700A3EE25 /* Assets.xcassets */; };
		6DF2CD54286D18A700A3EE25 /* LaunchScreen.storyboard in Resources */ = {isa = PBXBuildFile; fileRef = 6DF2CD52286D18A700A3EE25 /* LaunchScreen.storyboard */; };
		6DF2CD66286D18E400A3EE25 /* ImaggaService.swift in Sources */ = {isa = PBXBuildFile; fileRef = 6DF2CD5C286D18E400A3EE25 /* ImaggaService.swift */; };
		6DF2CD67286D18E400A3EE25 /* ImaggaColor.swift in Sources */ = {isa = PBXBuildFile; fileRef = 6DF2CD5E286D18E400A3EE25 /* ImaggaColor.swift */; };
		6DF2CD68286D18E400A3EE25 /* UnsplashPhoto.swift in Sources */ = {isa = PBXBuildFile; fileRef = 6DF2CD5F286D18E400A3EE25 /* UnsplashPhoto.swift */; };
		6DF2CD69286D18E400A3EE25 /* UIColor.swift in Sources */ = {isa = PBXBuildFile; fileRef = 6DF2CD61286D18E400A3EE25 /* UIColor.swift */; };
		6DF2CD6A286D18E400A3EE25 /* UIViewExtension.swift in Sources */ = {isa = PBXBuildFile; fileRef = 6DF2CD62286D18E400A3EE25 /* UIViewExtension.swift */; };
		6DF2CD6B286D18E400A3EE25 /* UnsplashRoute.swift in Sources */ = {isa = PBXBuildFile; fileRef = 6DF2CD64286D18E400A3EE25 /* UnsplashRoute.swift */; };
		6DF2CD6C286D18E400A3EE25 /* UnsplashService.swift in Sources */ = {isa = PBXBuildFile; fileRef = 6DF2CD65286D18E400A3EE25 /* UnsplashService.swift */; };
/* End PBXBuildFile section */

/* Begin PBXFileReference section */
		6DF2CD44286D18A500A3EE25 /* Palette.app */ = {isa = PBXFileReference; explicitFileType = wrapper.application; includeInIndex = 0; path = Palette.app; sourceTree = BUILT_PRODUCTS_DIR; };
		6DF2CD47286D18A500A3EE25 /* AppDelegate.swift */ = {isa = PBXFileReference; lastKnownFileType = sourcecode.swift; path = AppDelegate.swift; sourceTree = "<group>"; };
		6DF2CD49286D18A500A3EE25 /* SceneDelegate.swift */ = {isa = PBXFileReference; lastKnownFileType = sourcecode.swift; path = SceneDelegate.swift; sourceTree = "<group>"; };
		6DF2CD4E286D18A500A3EE25 /* Base */ = {isa = PBXFileReference; lastKnownFileType = file.storyboard; name = Base; path = Base.lproj/Main.storyboard; sourceTree = "<group>"; };
		6DF2CD50286D18A700A3EE25 /* Assets.xcassets */ = {isa = PBXFileReference; lastKnownFileType = folder.assetcatalog; path = Assets.xcassets; sourceTree = "<group>"; };
		6DF2CD53286D18A700A3EE25 /* Base */ = {isa = PBXFileReference; lastKnownFileType = file.storyboard; name = Base; path = Base.lproj/LaunchScreen.storyboard; sourceTree = "<group>"; };
		6DF2CD55286D18A700A3EE25 /* Info.plist */ = {isa = PBXFileReference; lastKnownFileType = text.plist.xml; path = Info.plist; sourceTree = "<group>"; };
		6DF2CD5C286D18E400A3EE25 /* ImaggaService.swift */ = {isa = PBXFileReference; fileEncoding = 4; lastKnownFileType = sourcecode.swift; path = ImaggaService.swift; sourceTree = "<group>"; };
		6DF2CD5E286D18E400A3EE25 /* ImaggaColor.swift */ = {isa = PBXFileReference; fileEncoding = 4; lastKnownFileType = sourcecode.swift; path = ImaggaColor.swift; sourceTree = "<group>"; };
		6DF2CD5F286D18E400A3EE25 /* UnsplashPhoto.swift */ = {isa = PBXFileReference; fileEncoding = 4; lastKnownFileType = sourcecode.swift; path = UnsplashPhoto.swift; sourceTree = "<group>"; };
		6DF2CD61286D18E400A3EE25 /* UIColor.swift */ = {isa = PBXFileReference; fileEncoding = 4; lastKnownFileType = sourcecode.swift; path = UIColor.swift; sourceTree = "<group>"; };
		6DF2CD62286D18E400A3EE25 /* UIViewExtension.swift */ = {isa = PBXFileReference; fileEncoding = 4; lastKnownFileType = sourcecode.swift; path = UIViewExtension.swift; sourceTree = "<group>"; };
		6DF2CD64286D18E400A3EE25 /* UnsplashRoute.swift */ = {isa = PBXFileReference; fileEncoding = 4; lastKnownFileType = sourcecode.swift; path = UnsplashRoute.swift; sourceTree = "<group>"; };
		6DF2CD65286D18E400A3EE25 /* UnsplashService.swift */ = {isa = PBXFileReference; fileEncoding = 4; lastKnownFileType = sourcecode.swift; path = UnsplashService.swift; sourceTree = "<group>"; };
/* End PBXFileReference section */

/* Begin PBXFrameworksBuildPhase section */
		6DF2CD41286D18A500A3EE25 /* Frameworks */ = {
			isa = PBXFrameworksBuildPhase;
			buildActionMask = 2147483647;
			files = (
			);
			runOnlyForDeploymentPostprocessing = 0;
		};
/* End PBXFrameworksBuildPhase section */

/* Begin PBXGroup section */
		6DF2CD3B286D18A500A3EE25 = {
			isa = PBXGroup;
			children = (
				6DF2CD46286D18A500A3EE25 /* Palette */,
				6DF2CD45286D18A500A3EE25 /* Products */,
			);
			sourceTree = "<group>";
		};
		6DF2CD45286D18A500A3EE25 /* Products */ = {
			isa = PBXGroup;
			children = (
				6DF2CD44286D18A500A3EE25 /* Palette.app */,
			);
			name = Products;
			sourceTree = "<group>";
		};
		6DF2CD46286D18A500A3EE25 /* Palette */ = {
			isa = PBXGroup;
			children = (
				6DF2CD6F286D190D00A3EE25 /* Controllers */,
				6DF2CD6E286D190A00A3EE25 /* Views */,
				6DF2CD5D286D18E400A3EE25 /* Models */,
				6DF2CD6D286D18ED00A3EE25 /* Resources */,
				6DF2CD60286D18E400A3EE25 /* Extensions */,
				6DF2CD5B286D18E400A3EE25 /* ImaggaService */,
				6DF2CD63286D18E400A3EE25 /* UnsplashService */,
			);
			path = Palette;
			sourceTree = "<group>";
		};
		6DF2CD5B286D18E400A3EE25 /* ImaggaService */ = {
			isa = PBXGroup;
			children = (
				6DF2CD5C286D18E400A3EE25 /* ImaggaService.swift */,
			);
			path = ImaggaService;
			sourceTree = "<group>";
		};
		6DF2CD5D286D18E400A3EE25 /* Models */ = {
			isa = PBXGroup;
			children = (
				6DF2CD5E286D18E400A3EE25 /* ImaggaColor.swift */,
				6DF2CD5F286D18E400A3EE25 /* UnsplashPhoto.swift */,
			);
			path = Models;
			sourceTree = "<group>";
		};
		6DF2CD60286D18E400A3EE25 /* Extensions */ = {
			isa = PBXGroup;
			children = (
				6DF2CD61286D18E400A3EE25 /* UIColor.swift */,
				6DF2CD62286D18E400A3EE25 /* UIViewExtension.swift */,
			);
			path = Extensions;
			sourceTree = "<group>";
		};
		6DF2CD63286D18E400A3EE25 /* UnsplashService */ = {
			isa = PBXGroup;
			children = (
				6DF2CD64286D18E400A3EE25 /* UnsplashRoute.swift */,
				6DF2CD65286D18E400A3EE25 /* UnsplashService.swift */,
			);
			path = UnsplashService;
			sourceTree = "<group>";
		};
		6DF2CD6D286D18ED00A3EE25 /* Resources */ = {
			isa = PBXGroup;
			children = (
				6DF2CD47286D18A500A3EE25 /* AppDelegate.swift */,
				6DF2CD49286D18A500A3EE25 /* SceneDelegate.swift */,
				6DF2CD4D286D18A500A3EE25 /* Main.storyboard */,
				6DF2CD50286D18A700A3EE25 /* Assets.xcassets */,
				6DF2CD52286D18A700A3EE25 /* LaunchScreen.storyboard */,
				6DF2CD55286D18A700A3EE25 /* Info.plist */,
			);
			path = Resources;
			sourceTree = "<group>";
		};
		6DF2CD6E286D190A00A3EE25 /* Views */ = {
			isa = PBXGroup;
			children = (
			);
			path = Views;
			sourceTree = "<group>";
		};
		6DF2CD6F286D190D00A3EE25 /* Controllers */ = {
			isa = PBXGroup;
			children = (
				6DF2CD70286D1A1F00A3EE25 /* View Controllers */,
			);
			path = Controllers;
			sourceTree = "<group>";
		};
		6DF2CD70286D1A1F00A3EE25 /* View Controllers */ = {
			isa = PBXGroup;
			children = (
			);
			path = "View Controllers";
			sourceTree = "<group>";
		};
/* End PBXGroup section */

/* Begin PBXNativeTarget section */
		6DF2CD43286D18A500A3EE25 /* Palette */ = {
			isa = PBXNativeTarget;
			buildConfigurationList = 6DF2CD58286D18A700A3EE25 /* Build configuration list for PBXNativeTarget "Palette" */;
			buildPhases = (
				6DF2CD40286D18A500A3EE25 /* Sources */,
				6DF2CD41286D18A500A3EE25 /* Frameworks */,
				6DF2CD42286D18A500A3EE25 /* Resources */,
			);
			buildRules = (
			);
			dependencies = (
			);
			name = Palette;
			productName = Palette;
			productReference = 6DF2CD44286D18A500A3EE25 /* Palette.app */;
			productType = "com.apple.product-type.application";
		};
/* End PBXNativeTarget section */

/* Begin PBXProject section */
		6DF2CD3C286D18A500A3EE25 /* Project object */ = {
			isa = PBXProject;
			attributes = {
				BuildIndependentTargetsInParallel = 1;
				LastSwiftUpdateCheck = 1340;
				LastUpgradeCheck = 1340;
				TargetAttributes = {
					6DF2CD43286D18A500A3EE25 = {
						CreatedOnToolsVersion = 13.4.1;
					};
				};
			};
			buildConfigurationList = 6DF2CD3F286D18A500A3EE25 /* Build configuration list for PBXProject "Palette" */;
			compatibilityVersion = "Xcode 13.0";
			developmentRegion = en;
			hasScannedForEncodings = 0;
			knownRegions = (
				en,
				Base,
			);
			mainGroup = 6DF2CD3B286D18A500A3EE25;
			productRefGroup = 6DF2CD45286D18A500A3EE25 /* Products */;
			projectDirPath = "";
			projectRoot = "";
			targets = (
				6DF2CD43286D18A500A3EE25 /* Palette */,
			);
		};
/* End PBXProject section */

/* Begin PBXResourcesBuildPhase section */
		6DF2CD42286D18A500A3EE25 /* Resources */ = {
			isa = PBXResourcesBuildPhase;
			buildActionMask = 2147483647;
			files = (
				6DF2CD54286D18A700A3EE25 /* LaunchScreen.storyboard in Resources */,
				6DF2CD51286D18A700A3EE25 /* Assets.xcassets in Resources */,
				6DF2CD4F286D18A500A3EE25 /* Main.storyboard in Resources */,
			);
			runOnlyForDeploymentPostprocessing = 0;
		};
/* End PBXResourcesBuildPhase section */

/* Begin PBXSourcesBuildPhase section */
		6DF2CD40286D18A500A3EE25 /* Sources */ = {
			isa = PBXSourcesBuildPhase;
			buildActionMask = 2147483647;
			files = (
				6DF2CD69286D18E400A3EE25 /* UIColor.swift in Sources */,
				6DF2CD67286D18E400A3EE25 /* ImaggaColor.swift in Sources */,
				6DF2CD6B286D18E400A3EE25 /* UnsplashRoute.swift in Sources */,
				6DF2CD66286D18E400A3EE25 /* ImaggaService.swift in Sources */,
				6DF2CD48286D18A500A3EE25 /* AppDelegate.swift in Sources */,
				6DF2CD68286D18E400A3EE25 /* UnsplashPhoto.swift in Sources */,
				6DF2CD6A286D18E400A3EE25 /* UIViewExtension.swift in Sources */,
				6DF2CD4A286D18A500A3EE25 /* SceneDelegate.swift in Sources */,
				6DF2CD6C286D18E400A3EE25 /* UnsplashService.swift in Sources */,
			);
			runOnlyForDeploymentPostprocessing = 0;
		};
/* End PBXSourcesBuildPhase section */

/* Begin PBXVariantGroup section */
		6DF2CD4D286D18A500A3EE25 /* Main.storyboard */ = {
			isa = PBXVariantGroup;
			children = (
				6DF2CD4E286D18A500A3EE25 /* Base */,
			);
			name = Main.storyboard;
			sourceTree = "<group>";
		};
		6DF2CD52286D18A700A3EE25 /* LaunchScreen.storyboard */ = {
			isa = PBXVariantGroup;
			children = (
				6DF2CD53286D18A700A3EE25 /* Base */,
			);
			name = LaunchScreen.storyboard;
			sourceTree = "<group>";
		};
/* End PBXVariantGroup section */

/* Begin XCBuildConfiguration section */
		6DF2CD56286D18A700A3EE25 /* Debug */ = {
			isa = XCBuildConfiguration;
			buildSettings = {
				ALWAYS_SEARCH_USER_PATHS = NO;
				CLANG_ANALYZER_NONNULL = YES;
				CLANG_ANALYZER_NUMBER_OBJECT_CONVERSION = YES_AGGRESSIVE;
				CLANG_CXX_LANGUAGE_STANDARD = "gnu++17";
				CLANG_ENABLE_MODULES = YES;
				CLANG_ENABLE_OBJC_ARC = YES;
				CLANG_ENABLE_OBJC_WEAK = YES;
				CLANG_WARN_BLOCK_CAPTURE_AUTORELEASING = YES;
				CLANG_WARN_BOOL_CONVERSION = YES;
				CLANG_WARN_COMMA = YES;
				CLANG_WARN_CONSTANT_CONVERSION = YES;
				CLANG_WARN_DEPRECATED_OBJC_IMPLEMENTATIONS = YES;
				CLANG_WARN_DIRECT_OBJC_ISA_USAGE = YES_ERROR;
				CLANG_WARN_DOCUMENTATION_COMMENTS = YES;
				CLANG_WARN_EMPTY_BODY = YES;
				CLANG_WARN_ENUM_CONVERSION = YES;
				CLANG_WARN_INFINITE_RECURSION = YES;
				CLANG_WARN_INT_CONVERSION = YES;
				CLANG_WARN_NON_LITERAL_NULL_CONVERSION = YES;
				CLANG_WARN_OBJC_IMPLICIT_RETAIN_SELF = YES;
				CLANG_WARN_OBJC_LITERAL_CONVERSION = YES;
				CLANG_WARN_OBJC_ROOT_CLASS = YES_ERROR;
				CLANG_WARN_QUOTED_INCLUDE_IN_FRAMEWORK_HEADER = YES;
				CLANG_WARN_RANGE_LOOP_ANALYSIS = YES;
				CLANG_WARN_STRICT_PROTOTYPES = YES;
				CLANG_WARN_SUSPICIOUS_MOVE = YES;
				CLANG_WARN_UNGUARDED_AVAILABILITY = YES_AGGRESSIVE;
				CLANG_WARN_UNREACHABLE_CODE = YES;
				CLANG_WARN__DUPLICATE_METHOD_MATCH = YES;
				COPY_PHASE_STRIP = NO;
				DEBUG_INFORMATION_FORMAT = dwarf;
				ENABLE_STRICT_OBJC_MSGSEND = YES;
				ENABLE_TESTABILITY = YES;
				GCC_C_LANGUAGE_STANDARD = gnu11;
				GCC_DYNAMIC_NO_PIC = NO;
				GCC_NO_COMMON_BLOCKS = YES;
				GCC_OPTIMIZATION_LEVEL = 0;
				GCC_PREPROCESSOR_DEFINITIONS = (
					"DEBUG=1",
					"$(inherited)",
				);
				GCC_WARN_64_TO_32_BIT_CONVERSION = YES;
				GCC_WARN_ABOUT_RETURN_TYPE = YES_ERROR;
				GCC_WARN_UNDECLARED_SELECTOR = YES;
				GCC_WARN_UNINITIALIZED_AUTOS = YES_AGGRESSIVE;
				GCC_WARN_UNUSED_FUNCTION = YES;
				GCC_WARN_UNUSED_VARIABLE = YES;
				IPHONEOS_DEPLOYMENT_TARGET = 15.5;
				MTL_ENABLE_DEBUG_INFO = INCLUDE_SOURCE;
				MTL_FAST_MATH = YES;
				ONLY_ACTIVE_ARCH = YES;
				SDKROOT = iphoneos;
				SWIFT_ACTIVE_COMPILATION_CONDITIONS = DEBUG;
				SWIFT_OPTIMIZATION_LEVEL = "-Onone";
			};
			name = Debug;
		};
		6DF2CD57286D18A700A3EE25 /* Release */ = {
			isa = XCBuildConfiguration;
			buildSettings = {
				ALWAYS_SEARCH_USER_PATHS = NO;
				CLANG_ANALYZER_NONNULL = YES;
				CLANG_ANALYZER_NUMBER_OBJECT_CONVERSION = YES_AGGRESSIVE;
				CLANG_CXX_LANGUAGE_STANDARD = "gnu++17";
				CLANG_ENABLE_MODULES = YES;
				CLANG_ENABLE_OBJC_ARC = YES;
				CLANG_ENABLE_OBJC_WEAK = YES;
				CLANG_WARN_BLOCK_CAPTURE_AUTORELEASING = YES;
				CLANG_WARN_BOOL_CONVERSION = YES;
				CLANG_WARN_COMMA = YES;
				CLANG_WARN_CONSTANT_CONVERSION = YES;
				CLANG_WARN_DEPRECATED_OBJC_IMPLEMENTATIONS = YES;
				CLANG_WARN_DIRECT_OBJC_ISA_USAGE = YES_ERROR;
				CLANG_WARN_DOCUMENTATION_COMMENTS = YES;
				CLANG_WARN_EMPTY_BODY = YES;
				CLANG_WARN_ENUM_CONVERSION = YES;
				CLANG_WARN_INFINITE_RECURSION = YES;
				CLANG_WARN_INT_CONVERSION = YES;
				CLANG_WARN_NON_LITERAL_NULL_CONVERSION = YES;
				CLANG_WARN_OBJC_IMPLICIT_RETAIN_SELF = YES;
				CLANG_WARN_OBJC_LITERAL_CONVERSION = YES;
				CLANG_WARN_OBJC_ROOT_CLASS = YES_ERROR;
				CLANG_WARN_QUOTED_INCLUDE_IN_FRAMEWORK_HEADER = YES;
				CLANG_WARN_RANGE_LOOP_ANALYSIS = YES;
				CLANG_WARN_STRICT_PROTOTYPES = YES;
				CLANG_WARN_SUSPICIOUS_MOVE = YES;
				CLANG_WARN_UNGUARDED_AVAILABILITY = YES_AGGRESSIVE;
				CLANG_WARN_UNREACHABLE_CODE = YES;
				CLANG_WARN__DUPLICATE_METHOD_MATCH = YES;
				COPY_PHASE_STRIP = NO;
				DEBUG_INFORMATION_FORMAT = "dwarf-with-dsym";
				ENABLE_NS_ASSERTIONS = NO;
				ENABLE_STRICT_OBJC_MSGSEND = YES;
				GCC_C_LANGUAGE_STANDARD = gnu11;
				GCC_NO_COMMON_BLOCKS = YES;
				GCC_WARN_64_TO_32_BIT_CONVERSION = YES;
				GCC_WARN_ABOUT_RETURN_TYPE = YES_ERROR;
				GCC_WARN_UNDECLARED_SELECTOR = YES;
				GCC_WARN_UNINITIALIZED_AUTOS = YES_AGGRESSIVE;
				GCC_WARN_UNUSED_FUNCTION = YES;
				GCC_WARN_UNUSED_VARIABLE = YES;
				IPHONEOS_DEPLOYMENT_TARGET = 15.5;
				MTL_ENABLE_DEBUG_INFO = NO;
				MTL_FAST_MATH = YES;
				SDKROOT = iphoneos;
				SWIFT_COMPILATION_MODE = wholemodule;
				SWIFT_OPTIMIZATION_LEVEL = "-O";
				VALIDATE_PRODUCT = YES;
			};
			name = Release;
		};
		6DF2CD59286D18A700A3EE25 /* Debug */ = {
			isa = XCBuildConfiguration;
			buildSettings = {
				ASSETCATALOG_COMPILER_APPICON_NAME = AppIcon;
				ASSETCATALOG_COMPILER_GLOBAL_ACCENT_COLOR_NAME = AccentColor;
				CODE_SIGN_STYLE = Automatic;
				CURRENT_PROJECT_VERSION = 1;
				DEVELOPMENT_TEAM = 9YD3W98T26;
				GENERATE_INFOPLIST_FILE = YES;
				INFOPLIST_FILE = Palette/Resources/Info.plist;
				INFOPLIST_KEY_UIApplicationSupportsIndirectInputEvents = YES;
				INFOPLIST_KEY_UILaunchStoryboardName = LaunchScreen;
				INFOPLIST_KEY_UIMainStoryboardFile = Main;
				INFOPLIST_KEY_UISupportedInterfaceOrientations_iPad = "UIInterfaceOrientationPortrait UIInterfaceOrientationPortraitUpsideDown UIInterfaceOrientationLandscapeLeft UIInterfaceOrientationLandscapeRight";
				INFOPLIST_KEY_UISupportedInterfaceOrientations_iPhone = "UIInterfaceOrientationPortrait UIInterfaceOrientationLandscapeLeft UIInterfaceOrientationLandscapeRight";
				LD_RUNPATH_SEARCH_PATHS = (
					"$(inherited)",
					"@executable_path/Frameworks",
				);
				MARKETING_VERSION = 1.0;
				PRODUCT_BUNDLE_IDENTIFIER = Erich.Palette;
				PRODUCT_NAME = "$(TARGET_NAME)";
				SWIFT_EMIT_LOC_STRINGS = YES;
				SWIFT_VERSION = 5.0;
				TARGETED_DEVICE_FAMILY = "1,2";
			};
			name = Debug;
		};
		6DF2CD5A286D18A700A3EE25 /* Release */ = {
			isa = XCBuildConfiguration;
			buildSettings = {
				ASSETCATALOG_COMPILER_APPICON_NAME = AppIcon;
				ASSETCATALOG_COMPILER_GLOBAL_ACCENT_COLOR_NAME = AccentColor;
				CODE_SIGN_STYLE = Automatic;
				CURRENT_PROJECT_VERSION = 1;
				DEVELOPMENT_TEAM = 9YD3W98T26;
				GENERATE_INFOPLIST_FILE = YES;
				INFOPLIST_FILE = Palette/Resources/Info.plist;
				INFOPLIST_KEY_UIApplicationSupportsIndirectInputEvents = YES;
				INFOPLIST_KEY_UILaunchStoryboardName = LaunchScreen;
				INFOPLIST_KEY_UIMainStoryboardFile = Main;
				INFOPLIST_KEY_UISupportedInterfaceOrientations_iPad = "UIInterfaceOrientationPortrait UIInterfaceOrientationPortraitUpsideDown UIInterfaceOrientationLandscapeLeft UIInterfaceOrientationLandscapeRight";
				INFOPLIST_KEY_UISupportedInterfaceOrientations_iPhone = "UIInterfaceOrientationPortrait UIInterfaceOrientationLandscapeLeft UIInterfaceOrientationLandscapeRight";
				LD_RUNPATH_SEARCH_PATHS = (
					"$(inherited)",
					"@executable_path/Frameworks",
				);
				MARKETING_VERSION = 1.0;
				PRODUCT_BUNDLE_IDENTIFIER = Erich.Palette;
				PRODUCT_NAME = "$(TARGET_NAME)";
				SWIFT_EMIT_LOC_STRINGS = YES;
				SWIFT_VERSION = 5.0;
				TARGETED_DEVICE_FAMILY = "1,2";
			};
			name = Release;
		};
/* End XCBuildConfiguration section */

/* Begin XCConfigurationList section */
		6DF2CD3F286D18A500A3EE25 /* Build configuration list for PBXProject "Palette" */ = {
			isa = XCConfigurationList;
			buildConfigurations = (
				6DF2CD56286D18A700A3EE25 /* Debug */,
				6DF2CD57286D18A700A3EE25 /* Release */,
			);
			defaultConfigurationIsVisible = 0;
			defaultConfigurationName = Release;
		};
		6DF2CD58286D18A700A3EE25 /* Build configuration list for PBXNativeTarget "Palette" */ = {
			isa = XCConfigurationList;
			buildConfigurations = (
				6DF2CD59286D18A700A3EE25 /* Debug */,
				6DF2CD5A286D18A700A3EE25 /* Release */,
			);
			defaultConfigurationIsVisible = 0;
			defaultConfigurationName = Release;
		};
/* End XCConfigurationList section */
	};
	rootObject = 6DF2CD3C286D18A500A3EE25 /* Project object */;
}
